
Microsoft Visual Studio Solution File, Format Version 12.00
# Blend for Visual Studio Version 16
VisualStudioVersion = 16.0.30907.101
MinimumVisualStudioVersion = 10.0.40219.1
Project("{FAE04EC0-301F-11D3-BF4B-00C04F79EFBC}") = "Minecraft start up", "Minecraft\Minecraft start up.csproj", "{7DC04864-223D-48CC-AD7A-D641A95E11CB}"
EndProject
Global
	GlobalSection(SolutionConfigurationPlatforms) = preSolution
		Debug|Any CPU = Debug|Any CPU
		Release|Any CPU = Release|Any CPU
	EndGlobalSection
	GlobalSection(ProjectConfigurationPlatforms) = postSolution
		{7DC04864-223D-48CC-AD7A-D641A95E11CB}.Debug|Any CPU.ActiveCfg = Debug|Any CPU
		{7DC04864-223D-48CC-AD7A-D641A95E11CB}.Debug|Any CPU.Build.0 = Debug|Any CPU
		{7DC04864-223D-48CC-AD7A-D641A95E11CB}.Release|Any CPU.ActiveCfg = Release|Any CPU
		{7DC04864-223D-48CC-AD7A-D641A95E11CB}.Release|Any CPU.Build.0 = Release|Any CPU
	EndGlobalSection
	GlobalSection(SolutionProperties) = preSolution
		HideSolutionNode = FALSE
	EndGlobalSection
	GlobalSection(ExtensibilityGlobals) = postSolution
		SolutionGuid = {19C4CEF9-BEC5-4724-A868-1583F2021DCB}
	EndGlobalSection
EndGlobal
